
Microsoft Visual Studio Solution File, Format Version 12.00
# Visual Studio 15
VisualStudioVersion = 15.0.27130.2036
MinimumVisualStudioVersion = 10.0.40219.1
Project("{FAE04EC0-301F-11D3-BF4B-00C04F79EFBC}") = "test_INotifyDataErrorInfo", "test_INotifyDataErrorInfo\test_INotifyDataErrorInfo.csproj", "{2F20C740-97E8-418D-9A24-B944B50BF3FE}"
EndProject
Global
	GlobalSection(SolutionConfigurationPlatforms) = preSolution
		Debug|Any CPU = Debug|Any CPU
		Release|Any CPU = Release|Any CPU
	EndGlobalSection
	GlobalSection(ProjectConfigurationPlatforms) = postSolution
		{2F20C740-97E8-418D-9A24-B944B50BF3FE}.Debug|Any CPU.ActiveCfg = Debug|Any CPU
		{2F20C740-97E8-418D-9A24-B944B50BF3FE}.Debug|Any CPU.Build.0 = Debug|Any CPU
		{2F20C740-97E8-418D-9A24-B944B50BF3FE}.Release|Any CPU.ActiveCfg = Release|Any CPU
		{2F20C740-97E8-418D-9A24-B944B50BF3FE}.Release|Any CPU.Build.0 = Release|Any CPU
	EndGlobalSection
	GlobalSection(SolutionProperties) = preSolution
		HideSolutionNode = FALSE
	EndGlobalSection
	GlobalSection(ExtensibilityGlobals) = postSolution
		SolutionGuid = {4C898F2C-DE4D-41A2-8586-0CC4332BF51E}
	EndGlobalSection
EndGlobal
